// !$*UTF8*$!
{
	archiveVersion = 1;
	classes = {
	};
	objectVersion = 46;
	objects = {

/* Begin PBXBuildFile section */
		230EC6E41A77A16800DC49D3 /* main.cpp in Sources */ = {isa = PBXBuildFile; fileRef = 230EC6E11A77A16800DC49D3 /* main.cpp */; };
		230EC6E51A77A16800DC49D3 /* SMEX.cpp in Sources */ = {isa = PBXBuildFile; fileRef = 230EC6E21A77A16800DC49D3 /* SMEX.cpp */; };
		230EC6E81A77C23400DC49D3 /* SherpaEvent.cpp in Sources */ = {isa = PBXBuildFile; fileRef = 230EC6E71A77C23400DC49D3 /* SherpaEvent.cpp */; };
/* End PBXBuildFile section */

/* Begin PBXCopyFilesBuildPhase section */
		230EC6D11A77A10F00DC49D3 /* CopyFiles */ = {
			isa = PBXCopyFilesBuildPhase;
			buildActionMask = 2147483647;
			dstPath = /usr/share/man/man1/;
			dstSubfolderSpec = 0;
			files = (
			);
			runOnlyForDeploymentPostprocessing = 1;
		};
/* End PBXCopyFilesBuildPhase section */

/* Begin PBXFileReference section */
		230EC6D31A77A10F00DC49D3 /* SMEX */ = {isa = PBXFileReference; explicitFileType = "compiled.mach-o.executable"; includeInIndex = 0; path = SMEX; sourceTree = BUILT_PRODUCTS_DIR; };
		230EC6E01A77A16800DC49D3 /* common.h */ = {isa = PBXFileReference; fileEncoding = 4; lastKnownFileType = sourcecode.c.h; name = common.h; path = ../common.h; sourceTree = "<group>"; };
		230EC6E11A77A16800DC49D3 /* main.cpp */ = {isa = PBXFileReference; fileEncoding = 4; lastKnownFileType = sourcecode.cpp.cpp; name = main.cpp; path = ../main.cpp; sourceTree = "<group>"; };
		230EC6E21A77A16800DC49D3 /* SMEX.cpp */ = {isa = PBXFileReference; fileEncoding = 4; lastKnownFileType = sourcecode.cpp.cpp; name = SMEX.cpp; path = ../SMEX.cpp; sourceTree = "<group>"; };
		230EC6E31A77A16800DC49D3 /* SMEX.h */ = {isa = PBXFileReference; fileEncoding = 4; lastKnownFileType = sourcecode.c.h; name = SMEX.h; path = ../SMEX.h; sourceTree = "<group>"; };
		230EC6E61A77BE6600DC49D3 /* SherpaEvent.h */ = {isa = PBXFileReference; lastKnownFileType = sourcecode.c.h; name = SherpaEvent.h; path = ../SherpaEvent.h; sourceTree = "<group>"; };
		230EC6E71A77C23400DC49D3 /* SherpaEvent.cpp */ = {isa = PBXFileReference; fileEncoding = 4; lastKnownFileType = sourcecode.cpp.cpp; name = SherpaEvent.cpp; path = ../SherpaEvent.cpp; sourceTree = "<group>"; };
/* End PBXFileReference section */

/* Begin PBXFrameworksBuildPhase section */
		230EC6D01A77A10F00DC49D3 /* Frameworks */ = {
			isa = PBXFrameworksBuildPhase;
			buildActionMask = 2147483647;
			files = (
			);
			runOnlyForDeploymentPostprocessing = 0;
		};
/* End PBXFrameworksBuildPhase section */

/* Begin PBXGroup section */
		230EC6CA1A77A10F00DC49D3 = {
			isa = PBXGroup;
			children = (
				230EC6DF1A77A15A00DC49D3 /* Source */,
				230EC6D41A77A10F00DC49D3 /* Products */,
			);
			sourceTree = "<group>";
		};
		230EC6D41A77A10F00DC49D3 /* Products */ = {
			isa = PBXGroup;
			children = (
				230EC6D31A77A10F00DC49D3 /* SMEX */,
			);
			name = Products;
			sourceTree = "<group>";
		};
		230EC6DF1A77A15A00DC49D3 /* Source */ = {
			isa = PBXGroup;
			children = (
				230EC6E01A77A16800DC49D3 /* common.h */,
				230EC6E11A77A16800DC49D3 /* main.cpp */,
				230EC6E31A77A16800DC49D3 /* SMEX.h */,
				230EC6E21A77A16800DC49D3 /* SMEX.cpp */,
				230EC6E61A77BE6600DC49D3 /* SherpaEvent.h */,
				230EC6E71A77C23400DC49D3 /* SherpaEvent.cpp */,
			);
			name = Source;
			sourceTree = "<group>";
		};
/* End PBXGroup section */

/* Begin PBXNativeTarget section */
		230EC6D21A77A10F00DC49D3 /* SMEX */ = {
			isa = PBXNativeTarget;
			buildConfigurationList = 230EC6DC1A77A10F00DC49D3 /* Build configuration list for PBXNativeTarget "SMEX" */;
			buildPhases = (
				230EC6CF1A77A10F00DC49D3 /* Sources */,
				230EC6D01A77A10F00DC49D3 /* Frameworks */,
				230EC6D11A77A10F00DC49D3 /* CopyFiles */,
			);
			buildRules = (
			);
			dependencies = (
			);
			name = SMEX;
			productName = SMEX;
			productReference = 230EC6D31A77A10F00DC49D3 /* SMEX */;
			productType = "com.apple.product-type.tool";
		};
/* End PBXNativeTarget section */

/* Begin PBXProject section */
		230EC6CB1A77A10F00DC49D3 /* Project object */ = {
			isa = PBXProject;
			attributes = {
				LastUpgradeCheck = 0510;
				ORGANIZATIONNAME = chroja;
			};
			buildConfigurationList = 230EC6CE1A77A10F00DC49D3 /* Build configuration list for PBXProject "SMEX" */;
			compatibilityVersion = "Xcode 3.2";
			developmentRegion = English;
			hasScannedForEncodings = 0;
			knownRegions = (
				en,
			);
			mainGroup = 230EC6CA1A77A10F00DC49D3;
			productRefGroup = 230EC6D41A77A10F00DC49D3 /* Products */;
			projectDirPath = "";
			projectRoot = "";
			targets = (
				230EC6D21A77A10F00DC49D3 /* SMEX */,
			);
		};
/* End PBXProject section */

/* Begin PBXSourcesBuildPhase section */
		230EC6CF1A77A10F00DC49D3 /* Sources */ = {
			isa = PBXSourcesBuildPhase;
			buildActionMask = 2147483647;
			files = (
				230EC6E51A77A16800DC49D3 /* SMEX.cpp in Sources */,
				230EC6E41A77A16800DC49D3 /* main.cpp in Sources */,
				230EC6E81A77C23400DC49D3 /* SherpaEvent.cpp in Sources */,
			);
			runOnlyForDeploymentPostprocessing = 0;
		};
/* End PBXSourcesBuildPhase section */

/* Begin XCBuildConfiguration section */
		230EC6DA1A77A10F00DC49D3 /* Debug */ = {
			isa = XCBuildConfiguration;
			buildSettings = {
				ALWAYS_SEARCH_USER_PATHS = NO;
				CLANG_CXX_LANGUAGE_STANDARD = "c++0x";
				CLANG_CXX_LIBRARY = "libc++";
				CLANG_ENABLE_MODULES = YES;
				CLANG_ENABLE_OBJC_ARC = YES;
				CLANG_WARN_BOOL_CONVERSION = YES;
				CLANG_WARN_CONSTANT_CONVERSION = YES;
				CLANG_WARN_DIRECT_OBJC_ISA_USAGE = YES_ERROR;
				CLANG_WARN_EMPTY_BODY = YES;
				CLANG_WARN_ENUM_CONVERSION = YES;
				CLANG_WARN_INT_CONVERSION = YES;
				CLANG_WARN_OBJC_ROOT_CLASS = YES_ERROR;
				CLANG_WARN__DUPLICATE_METHOD_MATCH = YES;
				COPY_PHASE_STRIP = NO;
				GCC_C_LANGUAGE_STANDARD = gnu99;
				GCC_DYNAMIC_NO_PIC = NO;
				GCC_ENABLE_OBJC_EXCEPTIONS = YES;
				GCC_OPTIMIZATION_LEVEL = 0;
				GCC_PREPROCESSOR_DEFINITIONS = (
					"DEBUG=1",
					"$(inherited)",
				);
				GCC_SYMBOLS_PRIVATE_EXTERN = NO;
				GCC_WARN_64_TO_32_BIT_CONVERSION = YES;
				GCC_WARN_ABOUT_RETURN_TYPE = YES_ERROR;
				GCC_WARN_UNDECLARED_SELECTOR = YES;
				GCC_WARN_UNINITIALIZED_AUTOS = YES_AGGRESSIVE;
				GCC_WARN_UNUSED_FUNCTION = YES;
				GCC_WARN_UNUSED_VARIABLE = YES;
				HEADER_SEARCH_PATHS = (
					"$(inherited)",
					/Applications/Xcode.app/Contents/Developer/Toolchains/XcodeDefault.xctoolchain/usr/include,
					/usr/local/opt/root/include/root,
				);
				LIBRARY_SEARCH_PATHS = /usr/local/opt/root/lib/root;
				MACOSX_DEPLOYMENT_TARGET = 10.9;
				ONLY_ACTIVE_ARCH = YES;
				OTHER_CPLUSPLUSFLAGS = (
					"$(OTHER_CFLAGS)",
					"-pthread",
					"-stdlib=libc++",
					"-m64",
				);
				OTHER_LDFLAGS = (
					"-lCore",
					"-lCint",
					"-lRIO",
					"-lNet",
					"-lHist",
					"-lGraf",
					"-lGraf3d",
					"-lGpad",
					"-lTree",
					"-lRint",
					"-lPostscript",
					"-lMatrix",
					"-lPhysics",
					"-lMathCore",
					"-lThread",
				);
				SDKROOT = macosx;
			};
			name = Debug;
		};
		230EC6DB1A77A10F00DC49D3 /* Release */ = {
			isa = XCBuildConfiguration;
			buildSettings = {
				ALWAYS_SEARCH_USER_PATHS = NO;
				CLANG_CXX_LANGUAGE_STANDARD = "c++0x";
				CLANG_CXX_LIBRARY = "libc++";
				CLANG_ENABLE_MODULES = YES;
				CLANG_ENABLE_OBJC_ARC = YES;
				CLANG_WARN_BOOL_CONVERSION = YES;
				CLANG_WARN_CONSTANT_CONVERSION = YES;
				CLANG_WARN_DIRECT_OBJC_ISA_USAGE = YES_ERROR;
				CLANG_WARN_EMPTY_BODY = YES;
				CLANG_WARN_ENUM_CONVERSION = YES;
				CLANG_WARN_INT_CONVERSION = YES;
				CLANG_WARN_OBJC_ROOT_CLASS = YES_ERROR;
				CLANG_WARN__DUPLICATE_METHOD_MATCH = YES;
				COPY_PHASE_STRIP = YES;
				DEBUG_INFORMATION_FORMAT = "dwarf-with-dsym";
				ENABLE_NS_ASSERTIONS = NO;
				GCC_C_LANGUAGE_STANDARD = gnu99;
				GCC_ENABLE_OBJC_EXCEPTIONS = YES;
				GCC_WARN_64_TO_32_BIT_CONVERSION = YES;
				GCC_WARN_ABOUT_RETURN_TYPE = YES_ERROR;
				GCC_WARN_UNDECLARED_SELECTOR = YES;
				GCC_WARN_UNINITIALIZED_AUTOS = YES_AGGRESSIVE;
				GCC_WARN_UNUSED_FUNCTION = YES;
				GCC_WARN_UNUSED_VARIABLE = YES;
				HEADER_SEARCH_PATHS = (
					"$(inherited)",
					/Applications/Xcode.app/Contents/Developer/Toolchains/XcodeDefault.xctoolchain/usr/include,
					/usr/local/opt/root/include/root,
				);
				LIBRARY_SEARCH_PATHS = /usr/local/opt/root/lib/root;
				MACOSX_DEPLOYMENT_TARGET = 10.9;
				OTHER_CPLUSPLUSFLAGS = (
					"$(OTHER_CFLAGS)",
					"-pthread",
					"-stdlib=libc++",
					"-m64",
				);
				OTHER_LDFLAGS = (
					"-lCore",
					"-lCint",
					"-lRIO",
					"-lNet",
					"-lHist",
					"-lGraf",
					"-lGraf3d",
					"-lGpad",
					"-lTree",
					"-lRint",
					"-lPostscript",
					"-lMatrix",
					"-lPhysics",
					"-lMathCore",
					"-lThread",
				);
				SDKROOT = macosx;
			};
			name = Release;
		};
		230EC6DD1A77A10F00DC49D3 /* Debug */ = {
			isa = XCBuildConfiguration;
			buildSettings = {
				PRODUCT_NAME = "$(TARGET_NAME)";
			};
			name = Debug;
		};
		230EC6DE1A77A10F00DC49D3 /* Release */ = {
			isa = XCBuildConfiguration;
			buildSettings = {
				PRODUCT_NAME = "$(TARGET_NAME)";
			};
			name = Release;
		};
/* End XCBuildConfiguration section */

/* Begin XCConfigurationList section */
		230EC6CE1A77A10F00DC49D3 /* Build configuration list for PBXProject "SMEX" */ = {
			isa = XCConfigurationList;
			buildConfigurations = (
				230EC6DA1A77A10F00DC49D3 /* Debug */,
				230EC6DB1A77A10F00DC49D3 /* Release */,
			);
			defaultConfigurationIsVisible = 0;
			defaultConfigurationName = Release;
		};
		230EC6DC1A77A10F00DC49D3 /* Build configuration list for PBXNativeTarget "SMEX" */ = {
			isa = XCConfigurationList;
			buildConfigurations = (
				230EC6DD1A77A10F00DC49D3 /* Debug */,
				230EC6DE1A77A10F00DC49D3 /* Release */,
			);
			defaultConfigurationIsVisible = 0;
			defaultConfigurationName = Release;
		};
/* End XCConfigurationList section */
	};
	rootObject = 230EC6CB1A77A10F00DC49D3 /* Project object */;
}
