// !$*UTF8*$!
{
	archiveVersion = 1;
	classes = {
	};
	objectVersion = 46;
	objects = {

/* Begin PBXBuildFile section */
		230EC6E41A77A16800DC49D3 /* main.cpp in Sources */ = {isa = PBXBuildFile; fileRef = 230EC6E11A77A16800DC49D3 /* main.cpp */; };
		230EC6E51A77A16800DC49D3 /* SherpaWeightProgram.cpp in Sources */ = {isa = PBXBuildFile; fileRef = 230EC6E21A77A16800DC49D3 /* SherpaWeightProgram.cpp */; };
		230EC6E81A77C23400DC49D3 /* SherpaRootEvent.cpp in Sources */ = {isa = PBXBuildFile; fileRef = 230EC6E71A77C23400DC49D3 /* SherpaRootEvent.cpp */; };
		23695DDA1A8CDC3F0083BFAA /* SherpaMEProgram.cpp in Sources */ = {isa = PBXBuildFile; fileRef = 23695DD81A8CDC3F0083BFAA /* SherpaMEProgram.cpp */; };
		23695DDB1A8CE0DC0083BFAA /* SherpaMECalculator.cpp in Sources */ = {isa = PBXBuildFile; fileRef = 232B88701A78C448009534D6 /* SherpaMECalculator.cpp */; };
		23695DDC1A8CE2460083BFAA /* SherpaRootEvent.cpp in Sources */ = {isa = PBXBuildFile; fileRef = 230EC6E71A77C23400DC49D3 /* SherpaRootEvent.cpp */; };
		23695DDF1A8CE8180083BFAA /* MERootEvent.cpp in Sources */ = {isa = PBXBuildFile; fileRef = 23695DDD1A8CE8180083BFAA /* MERootEvent.cpp */; };
		23695DE01A8CE8180083BFAA /* MERootEvent.cpp in Sources */ = {isa = PBXBuildFile; fileRef = 23695DDD1A8CE8180083BFAA /* MERootEvent.cpp */; };
		238522FC1A8A419300CE0D2D /* SherpaWeight.cpp in Sources */ = {isa = PBXBuildFile; fileRef = 238522FA1A8A419300CE0D2D /* SherpaWeight.cpp */; };
		23AC9D8F1A8CCD5100BD70A3 /* main.cpp in Sources */ = {isa = PBXBuildFile; fileRef = 23AC9D8E1A8CCD5100BD70A3 /* main.cpp */; };
/* End PBXBuildFile section */

/* Begin PBXCopyFilesBuildPhase section */
		230EC6D11A77A10F00DC49D3 /* CopyFiles */ = {
			isa = PBXCopyFilesBuildPhase;
			buildActionMask = 2147483647;
			dstPath = /usr/share/man/man1/;
			dstSubfolderSpec = 0;
			files = (
			);
			runOnlyForDeploymentPostprocessing = 1;
		};
		23AC9D8A1A8CCD5100BD70A3 /* CopyFiles */ = {
			isa = PBXCopyFilesBuildPhase;
			buildActionMask = 2147483647;
			dstPath = /usr/share/man/man1/;
			dstSubfolderSpec = 0;
			files = (
			);
			runOnlyForDeploymentPostprocessing = 1;
		};
/* End PBXCopyFilesBuildPhase section */

/* Begin PBXFileReference section */
		230EC6D31A77A10F00DC49D3 /* SherpaWeight */ = {isa = PBXFileReference; explicitFileType = "compiled.mach-o.executable"; includeInIndex = 0; path = SherpaWeight; sourceTree = BUILT_PRODUCTS_DIR; };
		230EC6E01A77A16800DC49D3 /* common.h */ = {isa = PBXFileReference; fileEncoding = 4; lastKnownFileType = sourcecode.c.h; name = common.h; path = ../Source/Common/common.h; sourceTree = SOURCE_ROOT; };
		230EC6E11A77A16800DC49D3 /* main.cpp */ = {isa = PBXFileReference; fileEncoding = 4; lastKnownFileType = sourcecode.cpp.cpp; name = main.cpp; path = ../Source/SherpaWeight/main.cpp; sourceTree = SOURCE_ROOT; };
		230EC6E21A77A16800DC49D3 /* SherpaWeightProgram.cpp */ = {isa = PBXFileReference; fileEncoding = 4; lastKnownFileType = sourcecode.cpp.cpp; name = SherpaWeightProgram.cpp; path = ../Source/SherpaWeight/SherpaWeightProgram.cpp; sourceTree = SOURCE_ROOT; };
		230EC6E31A77A16800DC49D3 /* SherpaWeightProgram.h */ = {isa = PBXFileReference; fileEncoding = 4; lastKnownFileType = sourcecode.c.h; name = SherpaWeightProgram.h; path = ../Source/SherpaWeight/SherpaWeightProgram.h; sourceTree = SOURCE_ROOT; };
		230EC6E61A77BE6600DC49D3 /* SherpaRootEvent.h */ = {isa = PBXFileReference; lastKnownFileType = sourcecode.c.h; name = SherpaRootEvent.h; path = ../Source/Common/SherpaRootEvent.h; sourceTree = SOURCE_ROOT; };
		230EC6E71A77C23400DC49D3 /* SherpaRootEvent.cpp */ = {isa = PBXFileReference; fileEncoding = 4; lastKnownFileType = sourcecode.cpp.cpp; name = SherpaRootEvent.cpp; path = ../Source/Common/SherpaRootEvent.cpp; sourceTree = SOURCE_ROOT; };
		232B886E1A784AEB009534D6 /* test.cpp */ = {isa = PBXFileReference; lastKnownFileType = sourcecode.cpp.cpp; name = test.cpp; path = "../../../../Sherpa/Source/SHERPA-MC-2.1.1/Examples/API/ME2-CPP/test.cpp"; sourceTree = SOURCE_ROOT; };
		232B886F1A784EBF009534D6 /* test.py.in */ = {isa = PBXFileReference; lastKnownFileType = text; name = test.py.in; path = "../../../../Sherpa/Source/SHERPA-MC-2.1.1/Examples/API/ME2-Python/test.py.in"; sourceTree = SOURCE_ROOT; };
		232B88701A78C448009534D6 /* SherpaMECalculator.cpp */ = {isa = PBXFileReference; fileEncoding = 4; lastKnownFileType = sourcecode.cpp.cpp; name = SherpaMECalculator.cpp; path = ../Source/SherpaME/SherpaMECalculator.cpp; sourceTree = SOURCE_ROOT; };
		232B88711A78C448009534D6 /* SherpaMECalculator.h */ = {isa = PBXFileReference; fileEncoding = 4; lastKnownFileType = sourcecode.c.h; name = SherpaMECalculator.h; path = ../Source/SherpaME/SherpaMECalculator.h; sourceTree = SOURCE_ROOT; };
		23695DD81A8CDC3F0083BFAA /* SherpaMEProgram.cpp */ = {isa = PBXFileReference; fileEncoding = 4; lastKnownFileType = sourcecode.cpp.cpp; name = SherpaMEProgram.cpp; path = ../Source/SherpaME/SherpaMEProgram.cpp; sourceTree = SOURCE_ROOT; };
		23695DD91A8CDC3F0083BFAA /* SherpaMEProgram.h */ = {isa = PBXFileReference; fileEncoding = 4; lastKnownFileType = sourcecode.c.h; name = SherpaMEProgram.h; path = ../Source/SherpaME/SherpaMEProgram.h; sourceTree = SOURCE_ROOT; };
		23695DDD1A8CE8180083BFAA /* MERootEvent.cpp */ = {isa = PBXFileReference; fileEncoding = 4; lastKnownFileType = sourcecode.cpp.cpp; path = MERootEvent.cpp; sourceTree = "<group>"; };
		23695DDE1A8CE8180083BFAA /* MERootEvent.h */ = {isa = PBXFileReference; fileEncoding = 4; lastKnownFileType = sourcecode.c.h; path = MERootEvent.h; sourceTree = "<group>"; };
		238522FA1A8A419300CE0D2D /* SherpaWeight.cpp */ = {isa = PBXFileReference; fileEncoding = 4; lastKnownFileType = sourcecode.cpp.cpp; name = SherpaWeight.cpp; path = ../Source/SherpaWeight/SherpaWeight.cpp; sourceTree = SOURCE_ROOT; };
		238522FB1A8A419300CE0D2D /* SherpaWeight.h */ = {isa = PBXFileReference; fileEncoding = 4; lastKnownFileType = sourcecode.c.h; name = SherpaWeight.h; path = ../Source/SherpaWeight/SherpaWeight.h; sourceTree = SOURCE_ROOT; };
		238522FD1A8A592900CE0D2D /* FeynRules_Model.C */ = {isa = PBXFileReference; fileEncoding = 4; lastKnownFileType = sourcecode.cpp.cpp; name = FeynRules_Model.C; path = "../../../../Sherpa/Source/SHERPA-MC-2.1.1/MODEL/Main/FeynRules_Model.C"; sourceTree = SOURCE_ROOT; };
		238522FE1A8A592900CE0D2D /* FeynRules_Model.H */ = {isa = PBXFileReference; fileEncoding = 4; lastKnownFileType = sourcecode.cpp.h; name = FeynRules_Model.H; path = "../../../../Sherpa/Source/SHERPA-MC-2.1.1/MODEL/Main/FeynRules_Model.H"; sourceTree = SOURCE_ROOT; };
		238522FF1A8A592900CE0D2D /* FeynRules_Spectrum.C */ = {isa = PBXFileReference; fileEncoding = 4; lastKnownFileType = sourcecode.cpp.cpp; name = FeynRules_Spectrum.C; path = "../../../../Sherpa/Source/SHERPA-MC-2.1.1/MODEL/Main/FeynRules_Spectrum.C"; sourceTree = SOURCE_ROOT; };
		238523001A8A592900CE0D2D /* FeynRules_Spectrum.H */ = {isa = PBXFileReference; fileEncoding = 4; lastKnownFileType = sourcecode.cpp.h; name = FeynRules_Spectrum.H; path = "../../../../Sherpa/Source/SHERPA-MC-2.1.1/MODEL/Main/FeynRules_Spectrum.H"; sourceTree = SOURCE_ROOT; };
		238523031A8A594C00CE0D2D /* Interaction_Model_FeynRules.C */ = {isa = PBXFileReference; fileEncoding = 4; lastKnownFileType = sourcecode.cpp.cpp; name = Interaction_Model_FeynRules.C; path = "../../../../Sherpa/Source/SHERPA-MC-2.1.1/MODEL/Interaction_Models/Interaction_Model_FeynRules.C"; sourceTree = SOURCE_ROOT; };
		238523041A8A594C00CE0D2D /* Interaction_Model_FeynRules.H */ = {isa = PBXFileReference; fileEncoding = 4; lastKnownFileType = sourcecode.cpp.h; name = Interaction_Model_FeynRules.H; path = "../../../../Sherpa/Source/SHERPA-MC-2.1.1/MODEL/Interaction_Models/Interaction_Model_FeynRules.H"; sourceTree = SOURCE_ROOT; };
		238523081A8A9EE100CE0D2D /* AfterBurner.cxx */ = {isa = PBXFileReference; lastKnownFileType = sourcecode.cpp.cpp; name = AfterBurner.cxx; path = ../../../../beck/AfterBurner/AfterBurner.cxx; sourceTree = SOURCE_ROOT; };
		238523091A8A9EE100CE0D2D /* Compare.cxx */ = {isa = PBXFileReference; lastKnownFileType = sourcecode.cpp.cpp; name = Compare.cxx; path = ../../../../beck/AfterBurner/Compare.cxx; sourceTree = SOURCE_ROOT; };
		2385230A1A8A9EE100CE0D2D /* D3PD_event.cxx */ = {isa = PBXFileReference; lastKnownFileType = sourcecode.cpp.cpp; name = D3PD_event.cxx; path = ../../../../beck/AfterBurner/D3PD_event.cxx; sourceTree = SOURCE_ROOT; };
		2385230B1A8A9EE100CE0D2D /* D3PD_event.h */ = {isa = PBXFileReference; lastKnownFileType = sourcecode.c.h; name = D3PD_event.h; path = ../../../../beck/AfterBurner/D3PD_event.h; sourceTree = SOURCE_ROOT; };
		2385230C1A8A9EE100CE0D2D /* DiBosonWeight.cxx */ = {isa = PBXFileReference; lastKnownFileType = sourcecode.cpp.cpp; name = DiBosonWeight.cxx; path = ../../../../beck/AfterBurner/DiBosonWeight.cxx; sourceTree = SOURCE_ROOT; };
		2385230D1A8A9EE100CE0D2D /* DiBosonWeight.h */ = {isa = PBXFileReference; lastKnownFileType = sourcecode.c.h; name = DiBosonWeight.h; path = ../../../../beck/AfterBurner/DiBosonWeight.h; sourceTree = SOURCE_ROOT; };
		2385230E1A8A9EE100CE0D2D /* InputEvent.h */ = {isa = PBXFileReference; lastKnownFileType = sourcecode.c.h; name = InputEvent.h; path = ../../../../beck/AfterBurner/InputEvent.h; sourceTree = SOURCE_ROOT; };
		2385230F1A8A9EE100CE0D2D /* MakeDist.cxx */ = {isa = PBXFileReference; lastKnownFileType = sourcecode.cpp.cpp; name = MakeDist.cxx; path = ../../../../beck/AfterBurner/MakeDist.cxx; sourceTree = SOURCE_ROOT; };
		238523101A8A9EE100CE0D2D /* SherpaEvent.cxx */ = {isa = PBXFileReference; lastKnownFileType = sourcecode.cpp.cpp; name = SherpaEvent.cxx; path = ../../../../beck/AfterBurner/SherpaEvent.cxx; sourceTree = SOURCE_ROOT; };
		238523111A8A9EE100CE0D2D /* SherpaEvent.h */ = {isa = PBXFileReference; lastKnownFileType = sourcecode.c.h; name = SherpaEvent.h; path = ../../../../beck/AfterBurner/SherpaEvent.h; sourceTree = SOURCE_ROOT; };
		23AC9D8C1A8CCD5100BD70A3 /* SherpaME */ = {isa = PBXFileReference; explicitFileType = "compiled.mach-o.executable"; includeInIndex = 0; path = SherpaME; sourceTree = BUILT_PRODUCTS_DIR; };
		23AC9D8E1A8CCD5100BD70A3 /* main.cpp */ = {isa = PBXFileReference; lastKnownFileType = sourcecode.cpp.cpp; name = main.cpp; path = ../Source/SherpaME/main.cpp; sourceTree = SOURCE_ROOT; };
		23E1FC1A1A8A3BF600CA3DFF /* MEProcess.C */ = {isa = PBXFileReference; fileEncoding = 4; lastKnownFileType = sourcecode.cpp.cpp; name = MEProcess.C; path = "../../../../Sherpa/Source/SHERPA-MC-2.1.1/AddOns/Python/MEProcess.C"; sourceTree = SOURCE_ROOT; };
		23E1FC1B1A8A3BF600CA3DFF /* MEProcess.H */ = {isa = PBXFileReference; fileEncoding = 4; lastKnownFileType = sourcecode.cpp.h; name = MEProcess.H; path = "../../../../Sherpa/Source/SHERPA-MC-2.1.1/AddOns/Python/MEProcess.H"; sourceTree = SOURCE_ROOT; };
		23E1FC1C1A8A3BF600CA3DFF /* MEProcess.i */ = {isa = PBXFileReference; fileEncoding = 4; lastKnownFileType = sourcecode.c.c.preprocessed; name = MEProcess.i; path = "../../../../Sherpa/Source/SHERPA-MC-2.1.1/AddOns/Python/MEProcess.i"; sourceTree = SOURCE_ROOT; };
/* End PBXFileReference section */

/* Begin PBXFrameworksBuildPhase section */
		230EC6D01A77A10F00DC49D3 /* Frameworks */ = {
			isa = PBXFrameworksBuildPhase;
			buildActionMask = 2147483647;
			files = (
			);
			runOnlyForDeploymentPostprocessing = 0;
		};
		23AC9D891A8CCD5100BD70A3 /* Frameworks */ = {
			isa = PBXFrameworksBuildPhase;
			buildActionMask = 2147483647;
			files = (
			);
			runOnlyForDeploymentPostprocessing = 0;
		};
/* End PBXFrameworksBuildPhase section */

/* Begin PBXGroup section */
		230EC6CA1A77A10F00DC49D3 = {
			isa = PBXGroup;
			children = (
				23695DD71A8CD2960083BFAA /* Source */,
				232B886A1A782BF9009534D6 /* Other Files */,
				230EC6D41A77A10F00DC49D3 /* Products */,
			);
			sourceTree = "<group>";
		};
		230EC6D41A77A10F00DC49D3 /* Products */ = {
			isa = PBXGroup;
			children = (
				230EC6D31A77A10F00DC49D3 /* SherpaWeight */,
				23AC9D8C1A8CCD5100BD70A3 /* SherpaME */,
			);
			name = Products;
			sourceTree = "<group>";
		};
		230EC6DF1A77A15A00DC49D3 /* SherpaWeight */ = {
			isa = PBXGroup;
			children = (
				230EC6E31A77A16800DC49D3 /* SherpaWeightProgram.h */,
				230EC6E21A77A16800DC49D3 /* SherpaWeightProgram.cpp */,
				238522FB1A8A419300CE0D2D /* SherpaWeight.h */,
				238522FA1A8A419300CE0D2D /* SherpaWeight.cpp */,
				230EC6E11A77A16800DC49D3 /* main.cpp */,
			);
			name = SherpaWeight;
			path = ../SherpaWeight;
			sourceTree = SOURCE_ROOT;
		};
		232B886A1A782BF9009534D6 /* Other Files */ = {
			isa = PBXGroup;
			children = (
				238523071A8A9EAF00CE0D2D /* Afterburner */,
				238523061A8A9E9A00CE0D2D /* Sherpa */,
			);
			name = "Other Files";
			sourceTree = "<group>";
		};
		23695DD71A8CD2960083BFAA /* Source */ = {
			isa = PBXGroup;
			children = (
				23AC9D951A8CCDC100BD70A3 /* Common */,
				230EC6DF1A77A15A00DC49D3 /* SherpaWeight */,
				23AC9D8D1A8CCD5100BD70A3 /* SherpaME */,
			);
			name = Source;
			path = ../Source;
			sourceTree = SOURCE_ROOT;
		};
		238523061A8A9E9A00CE0D2D /* Sherpa */ = {
			isa = PBXGroup;
			children = (
				232B886F1A784EBF009534D6 /* test.py.in */,
				232B886E1A784AEB009534D6 /* test.cpp */,
				23E1FC1A1A8A3BF600CA3DFF /* MEProcess.C */,
				23E1FC1B1A8A3BF600CA3DFF /* MEProcess.H */,
				23E1FC1C1A8A3BF600CA3DFF /* MEProcess.i */,
				238522FD1A8A592900CE0D2D /* FeynRules_Model.C */,
				238522FE1A8A592900CE0D2D /* FeynRules_Model.H */,
				238522FF1A8A592900CE0D2D /* FeynRules_Spectrum.C */,
				238523001A8A592900CE0D2D /* FeynRules_Spectrum.H */,
				238523031A8A594C00CE0D2D /* Interaction_Model_FeynRules.C */,
				238523041A8A594C00CE0D2D /* Interaction_Model_FeynRules.H */,
			);
			name = Sherpa;
			sourceTree = "<group>";
		};
		238523071A8A9EAF00CE0D2D /* Afterburner */ = {
			isa = PBXGroup;
			children = (
				238523081A8A9EE100CE0D2D /* AfterBurner.cxx */,
				238523091A8A9EE100CE0D2D /* Compare.cxx */,
				2385230A1A8A9EE100CE0D2D /* D3PD_event.cxx */,
				2385230B1A8A9EE100CE0D2D /* D3PD_event.h */,
				2385230C1A8A9EE100CE0D2D /* DiBosonWeight.cxx */,
				2385230D1A8A9EE100CE0D2D /* DiBosonWeight.h */,
				2385230E1A8A9EE100CE0D2D /* InputEvent.h */,
				2385230F1A8A9EE100CE0D2D /* MakeDist.cxx */,
				238523101A8A9EE100CE0D2D /* SherpaEvent.cxx */,
				238523111A8A9EE100CE0D2D /* SherpaEvent.h */,
			);
			name = Afterburner;
			sourceTree = "<group>";
		};
		23AC9D8D1A8CCD5100BD70A3 /* SherpaME */ = {
			isa = PBXGroup;
			children = (
				23695DD91A8CDC3F0083BFAA /* SherpaMEProgram.h */,
				23695DD81A8CDC3F0083BFAA /* SherpaMEProgram.cpp */,
				232B88711A78C448009534D6 /* SherpaMECalculator.h */,
				232B88701A78C448009534D6 /* SherpaMECalculator.cpp */,
				23AC9D8E1A8CCD5100BD70A3 /* main.cpp */,
			);
			name = SherpaME;
			path = ../SherpaME;
			sourceTree = SOURCE_ROOT;
		};
		23AC9D951A8CCDC100BD70A3 /* Common */ = {
			isa = PBXGroup;
			children = (
				230EC6E01A77A16800DC49D3 /* common.h */,
				230EC6E61A77BE6600DC49D3 /* SherpaRootEvent.h */,
				230EC6E71A77C23400DC49D3 /* SherpaRootEvent.cpp */,
				23695DDE1A8CE8180083BFAA /* MERootEvent.h */,
				23695DDD1A8CE8180083BFAA /* MERootEvent.cpp */,
			);
			name = Common;
			path = ../Source/Common;
			sourceTree = SOURCE_ROOT;
		};
/* End PBXGroup section */

/* Begin PBXNativeTarget section */
		230EC6D21A77A10F00DC49D3 /* SherpaWeight */ = {
			isa = PBXNativeTarget;
			buildConfigurationList = 230EC6DC1A77A10F00DC49D3 /* Build configuration list for PBXNativeTarget "SherpaWeight" */;
			buildPhases = (
				230EC6CF1A77A10F00DC49D3 /* Sources */,
				230EC6D01A77A10F00DC49D3 /* Frameworks */,
				230EC6D11A77A10F00DC49D3 /* CopyFiles */,
			);
			buildRules = (
			);
			dependencies = (
			);
			name = SherpaWeight;
			productName = SherpaWeight;
			productReference = 230EC6D31A77A10F00DC49D3 /* SherpaWeight */;
			productType = "com.apple.product-type.tool";
		};
		23AC9D8B1A8CCD5100BD70A3 /* SherpaME */ = {
			isa = PBXNativeTarget;
			buildConfigurationList = 23AC9D921A8CCD5100BD70A3 /* Build configuration list for PBXNativeTarget "SherpaME" */;
			buildPhases = (
				23AC9D881A8CCD5100BD70A3 /* Sources */,
				23AC9D891A8CCD5100BD70A3 /* Frameworks */,
				23AC9D8A1A8CCD5100BD70A3 /* CopyFiles */,
			);
			buildRules = (
			);
			dependencies = (
			);
			name = SherpaME;
			productName = SherpaME;
			productReference = 23AC9D8C1A8CCD5100BD70A3 /* SherpaME */;
			productType = "com.apple.product-type.tool";
		};
/* End PBXNativeTarget section */

/* Begin PBXProject section */
		230EC6CB1A77A10F00DC49D3 /* Project object */ = {
			isa = PBXProject;
			attributes = {
				LastUpgradeCheck = 0510;
				ORGANIZATIONNAME = chroja;
			};
			buildConfigurationList = 230EC6CE1A77A10F00DC49D3 /* Build configuration list for PBXProject "SherpaWeight" */;
			compatibilityVersion = "Xcode 3.2";
			developmentRegion = English;
			hasScannedForEncodings = 0;
			knownRegions = (
				en,
			);
			mainGroup = 230EC6CA1A77A10F00DC49D3;
			productRefGroup = 230EC6D41A77A10F00DC49D3 /* Products */;
			projectDirPath = "";
			projectRoot = "";
			targets = (
				230EC6D21A77A10F00DC49D3 /* SherpaWeight */,
				23AC9D8B1A8CCD5100BD70A3 /* SherpaME */,
			);
		};
/* End PBXProject section */

/* Begin PBXSourcesBuildPhase section */
		230EC6CF1A77A10F00DC49D3 /* Sources */ = {
			isa = PBXSourcesBuildPhase;
			buildActionMask = 2147483647;
			files = (
				238522FC1A8A419300CE0D2D /* SherpaWeight.cpp in Sources */,
				230EC6E51A77A16800DC49D3 /* SherpaWeightProgram.cpp in Sources */,
				230EC6E41A77A16800DC49D3 /* main.cpp in Sources */,
				230EC6E81A77C23400DC49D3 /* SherpaRootEvent.cpp in Sources */,
				23695DDF1A8CE8180083BFAA /* MERootEvent.cpp in Sources */,
			);
			runOnlyForDeploymentPostprocessing = 0;
		};
		23AC9D881A8CCD5100BD70A3 /* Sources */ = {
			isa = PBXSourcesBuildPhase;
			buildActionMask = 2147483647;
			files = (
				23695DDB1A8CE0DC0083BFAA /* SherpaMECalculator.cpp in Sources */,
				23695DDC1A8CE2460083BFAA /* SherpaRootEvent.cpp in Sources */,
				23AC9D8F1A8CCD5100BD70A3 /* main.cpp in Sources */,
				23695DDA1A8CDC3F0083BFAA /* SherpaMEProgram.cpp in Sources */,
				23695DE01A8CE8180083BFAA /* MERootEvent.cpp in Sources */,
			);
			runOnlyForDeploymentPostprocessing = 0;
		};
/* End PBXSourcesBuildPhase section */

/* Begin XCBuildConfiguration section */
		230EC6DA1A77A10F00DC49D3 /* Debug */ = {
			isa = XCBuildConfiguration;
			buildSettings = {
				ALWAYS_SEARCH_USER_PATHS = NO;
				CLANG_CXX_LANGUAGE_STANDARD = "c++0x";
				CLANG_CXX_LIBRARY = "libc++";
				CLANG_ENABLE_MODULES = YES;
				CLANG_ENABLE_OBJC_ARC = YES;
				CLANG_WARN_BOOL_CONVERSION = YES;
				CLANG_WARN_CONSTANT_CONVERSION = YES;
				CLANG_WARN_DIRECT_OBJC_ISA_USAGE = YES_ERROR;
				CLANG_WARN_EMPTY_BODY = YES;
				CLANG_WARN_ENUM_CONVERSION = YES;
				CLANG_WARN_INT_CONVERSION = YES;
				CLANG_WARN_OBJC_ROOT_CLASS = YES_ERROR;
				CLANG_WARN__DUPLICATE_METHOD_MATCH = YES;
				COPY_PHASE_STRIP = NO;
				GCC_C_LANGUAGE_STANDARD = gnu99;
				GCC_DYNAMIC_NO_PIC = NO;
				GCC_ENABLE_OBJC_EXCEPTIONS = YES;
				GCC_OPTIMIZATION_LEVEL = 0;
				GCC_PREPROCESSOR_DEFINITIONS = (
					"DEBUG=1",
					"$(inherited)",
				);
				GCC_SYMBOLS_PRIVATE_EXTERN = NO;
				GCC_WARN_64_TO_32_BIT_CONVERSION = YES;
				GCC_WARN_ABOUT_RETURN_TYPE = YES_ERROR;
				GCC_WARN_UNDECLARED_SELECTOR = YES;
				GCC_WARN_UNINITIALIZED_AUTOS = YES_AGGRESSIVE;
				GCC_WARN_UNUSED_FUNCTION = YES;
				GCC_WARN_UNUSED_VARIABLE = YES;
				HEADER_SEARCH_PATHS = (
					"$(inherited)",
					/Applications/Xcode.app/Contents/Developer/Toolchains/XcodeDefault.xctoolchain/usr/include,
					/usr/local/include/root,
					"/Users/cja/Private/Physics/Thesis/Sherpa/Build/SHERPA-MC-2.1.1/include/SHERPA-MC",
				);
				LIBRARY_SEARCH_PATHS = (
					/usr/local/lib/root,
					"/Users/cja/Private/Physics/Thesis/Sherpa/Build/SHERPA-MC-2.1.1/lib/SHERPA-MC",
				);
				MACOSX_DEPLOYMENT_TARGET = 10.9;
				ONLY_ACTIVE_ARCH = YES;
				OTHER_CPLUSPLUSFLAGS = (
					"$(OTHER_CFLAGS)",
					"-pthread",
					"-stdlib=libc++",
					"-m64",
				);
				OTHER_LDFLAGS = (
					"-lCore",
					"-lCint",
					"-lRIO",
					"-lNet",
					"-lHist",
					"-lGraf",
					"-lGraf3d",
					"-lGpad",
					"-lTree",
					"-lRint",
					"-lPostscript",
					"-lMatrix",
					"-lPhysics",
					"-lMathCore",
					"-lThread",
					"-lSherpaMain",
					"-lToolsOrg",
					"-lToolsPhys",
					"-lPhasicMain",
					"-lPhasicProcess",
				);
				SDKROOT = macosx;
			};
			name = Debug;
		};
		230EC6DB1A77A10F00DC49D3 /* Release */ = {
			isa = XCBuildConfiguration;
			buildSettings = {
				ALWAYS_SEARCH_USER_PATHS = NO;
				CLANG_CXX_LANGUAGE_STANDARD = "c++0x";
				CLANG_CXX_LIBRARY = "libc++";
				CLANG_ENABLE_MODULES = YES;
				CLANG_ENABLE_OBJC_ARC = YES;
				CLANG_WARN_BOOL_CONVERSION = YES;
				CLANG_WARN_CONSTANT_CONVERSION = YES;
				CLANG_WARN_DIRECT_OBJC_ISA_USAGE = YES_ERROR;
				CLANG_WARN_EMPTY_BODY = YES;
				CLANG_WARN_ENUM_CONVERSION = YES;
				CLANG_WARN_INT_CONVERSION = YES;
				CLANG_WARN_OBJC_ROOT_CLASS = YES_ERROR;
				CLANG_WARN__DUPLICATE_METHOD_MATCH = YES;
				COPY_PHASE_STRIP = YES;
				DEBUG_INFORMATION_FORMAT = "dwarf-with-dsym";
				ENABLE_NS_ASSERTIONS = NO;
				GCC_C_LANGUAGE_STANDARD = gnu99;
				GCC_ENABLE_OBJC_EXCEPTIONS = YES;
				GCC_WARN_64_TO_32_BIT_CONVERSION = YES;
				GCC_WARN_ABOUT_RETURN_TYPE = YES_ERROR;
				GCC_WARN_UNDECLARED_SELECTOR = YES;
				GCC_WARN_UNINITIALIZED_AUTOS = YES_AGGRESSIVE;
				GCC_WARN_UNUSED_FUNCTION = YES;
				GCC_WARN_UNUSED_VARIABLE = YES;
				HEADER_SEARCH_PATHS = (
					"$(inherited)",
					/Applications/Xcode.app/Contents/Developer/Toolchains/XcodeDefault.xctoolchain/usr/include,
					/usr/local/include/root,
					"/Users/cja/Private/Physics/Thesis/Sherpa/Build/SHERPA-MC-2.1.1/include/SHERPA-MC",
				);
				LIBRARY_SEARCH_PATHS = (
					/usr/local/lib/root,
					"/Users/cja/Private/Physics/Thesis/Sherpa/Build/SHERPA-MC-2.1.1/lib/SHERPA-MC",
				);
				MACOSX_DEPLOYMENT_TARGET = 10.9;
				OTHER_CPLUSPLUSFLAGS = (
					"$(OTHER_CFLAGS)",
					"-pthread",
					"-stdlib=libc++",
					"-m64",
				);
				OTHER_LDFLAGS = (
					"-lCore",
					"-lCint",
					"-lRIO",
					"-lNet",
					"-lHist",
					"-lGraf",
					"-lGraf3d",
					"-lGpad",
					"-lTree",
					"-lRint",
					"-lPostscript",
					"-lMatrix",
					"-lPhysics",
					"-lMathCore",
					"-lThread",
					"-lSherpaMain",
					"-lToolsOrg",
					"-lToolsPhys",
					"-lPhasicMain",
					"-lPhasicProcess",
				);
				SDKROOT = macosx;
			};
			name = Release;
		};
		230EC6DD1A77A10F00DC49D3 /* Debug */ = {
			isa = XCBuildConfiguration;
			buildSettings = {
				PRODUCT_NAME = SherpaWeight;
			};
			name = Debug;
		};
		230EC6DE1A77A10F00DC49D3 /* Release */ = {
			isa = XCBuildConfiguration;
			buildSettings = {
				PRODUCT_NAME = SherpaWeight;
			};
			name = Release;
		};
		23AC9D931A8CCD5100BD70A3 /* Debug */ = {
			isa = XCBuildConfiguration;
			buildSettings = {
				PRODUCT_NAME = "$(TARGET_NAME)";
			};
			name = Debug;
		};
		23AC9D941A8CCD5100BD70A3 /* Release */ = {
			isa = XCBuildConfiguration;
			buildSettings = {
				PRODUCT_NAME = "$(TARGET_NAME)";
			};
			name = Release;
		};
/* End XCBuildConfiguration section */

/* Begin XCConfigurationList section */
		230EC6CE1A77A10F00DC49D3 /* Build configuration list for PBXProject "SherpaWeight" */ = {
			isa = XCConfigurationList;
			buildConfigurations = (
				230EC6DA1A77A10F00DC49D3 /* Debug */,
				230EC6DB1A77A10F00DC49D3 /* Release */,
			);
			defaultConfigurationIsVisible = 0;
			defaultConfigurationName = Release;
		};
		230EC6DC1A77A10F00DC49D3 /* Build configuration list for PBXNativeTarget "SherpaWeight" */ = {
			isa = XCConfigurationList;
			buildConfigurations = (
				230EC6DD1A77A10F00DC49D3 /* Debug */,
				230EC6DE1A77A10F00DC49D3 /* Release */,
			);
			defaultConfigurationIsVisible = 0;
			defaultConfigurationName = Release;
		};
		23AC9D921A8CCD5100BD70A3 /* Build configuration list for PBXNativeTarget "SherpaME" */ = {
			isa = XCConfigurationList;
			buildConfigurations = (
				23AC9D931A8CCD5100BD70A3 /* Debug */,
				23AC9D941A8CCD5100BD70A3 /* Release */,
			);
			defaultConfigurationIsVisible = 0;
			defaultConfigurationName = Release;
		};
/* End XCConfigurationList section */
	};
	rootObject = 230EC6CB1A77A10F00DC49D3 /* Project object */;
}
