// !$*UTF8*$!
{
	archiveVersion = 1;
	classes = {
	};
	objectVersion = 46;
	objects = {

/* Begin PBXBuildFile section */
		230EC6E41A77A16800DC49D3 /* main.cpp in Sources */ = {isa = PBXBuildFile; fileRef = 230EC6E11A77A16800DC49D3 /* main.cpp */; };
		230EC6E51A77A16800DC49D3 /* SherpaWeightMain.cpp in Sources */ = {isa = PBXBuildFile; fileRef = 230EC6E21A77A16800DC49D3 /* SherpaWeightMain.cpp */; };
		230EC6E81A77C23400DC49D3 /* SherpaRootEvent.cpp in Sources */ = {isa = PBXBuildFile; fileRef = 230EC6E71A77C23400DC49D3 /* SherpaRootEvent.cpp */; };
		232B88721A78C448009534D6 /* SherpaMECalculator.cpp in Sources */ = {isa = PBXBuildFile; fileRef = 232B88701A78C448009534D6 /* SherpaMECalculator.cpp */; };
		238522FC1A8A419300CE0D2D /* SherpaWeight.cpp in Sources */ = {isa = PBXBuildFile; fileRef = 238522FA1A8A419300CE0D2D /* SherpaWeight.cpp */; };
/* End PBXBuildFile section */

/* Begin PBXCopyFilesBuildPhase section */
		230EC6D11A77A10F00DC49D3 /* CopyFiles */ = {
			isa = PBXCopyFilesBuildPhase;
			buildActionMask = 2147483647;
			dstPath = /usr/share/man/man1/;
			dstSubfolderSpec = 0;
			files = (
			);
			runOnlyForDeploymentPostprocessing = 1;
		};
/* End PBXCopyFilesBuildPhase section */

/* Begin PBXFileReference section */
		230EC6D31A77A10F00DC49D3 /* SherpaWeight */ = {isa = PBXFileReference; explicitFileType = "compiled.mach-o.executable"; includeInIndex = 0; path = SherpaWeight; sourceTree = BUILT_PRODUCTS_DIR; };
		230EC6E01A77A16800DC49D3 /* common.h */ = {isa = PBXFileReference; fileEncoding = 4; lastKnownFileType = sourcecode.c.h; name = common.h; path = ../common.h; sourceTree = "<group>"; };
		230EC6E11A77A16800DC49D3 /* main.cpp */ = {isa = PBXFileReference; fileEncoding = 4; lastKnownFileType = sourcecode.cpp.cpp; name = main.cpp; path = ../main.cpp; sourceTree = "<group>"; };
		230EC6E21A77A16800DC49D3 /* SherpaWeightMain.cpp */ = {isa = PBXFileReference; fileEncoding = 4; lastKnownFileType = sourcecode.cpp.cpp; name = SherpaWeightMain.cpp; path = ../SherpaWeightMain.cpp; sourceTree = "<group>"; };
		230EC6E31A77A16800DC49D3 /* SherpaWeightMain.h */ = {isa = PBXFileReference; fileEncoding = 4; lastKnownFileType = sourcecode.c.h; name = SherpaWeightMain.h; path = ../SherpaWeightMain.h; sourceTree = "<group>"; };
		230EC6E61A77BE6600DC49D3 /* SherpaRootEvent.h */ = {isa = PBXFileReference; lastKnownFileType = sourcecode.c.h; name = SherpaRootEvent.h; path = ../SherpaRootEvent.h; sourceTree = "<group>"; };
		230EC6E71A77C23400DC49D3 /* SherpaRootEvent.cpp */ = {isa = PBXFileReference; fileEncoding = 4; lastKnownFileType = sourcecode.cpp.cpp; name = SherpaRootEvent.cpp; path = ../SherpaRootEvent.cpp; sourceTree = "<group>"; };
		232B886E1A784AEB009534D6 /* test.cpp */ = {isa = PBXFileReference; lastKnownFileType = sourcecode.cpp.cpp; name = test.cpp; path = "../../../../Sherpa/Source/SHERPA-MC-2.1.1/Examples/API/ME2-CPP/test.cpp"; sourceTree = "<group>"; };
		232B886F1A784EBF009534D6 /* test.py.in */ = {isa = PBXFileReference; lastKnownFileType = text; name = test.py.in; path = "../../../../Sherpa/Source/SHERPA-MC-2.1.1/Examples/API/ME2-Python/test.py.in"; sourceTree = "<group>"; };
		232B88701A78C448009534D6 /* SherpaMECalculator.cpp */ = {isa = PBXFileReference; fileEncoding = 4; lastKnownFileType = sourcecode.cpp.cpp; name = SherpaMECalculator.cpp; path = ../SherpaMECalculator.cpp; sourceTree = "<group>"; };
		232B88711A78C448009534D6 /* SherpaMECalculator.h */ = {isa = PBXFileReference; fileEncoding = 4; lastKnownFileType = sourcecode.c.h; name = SherpaMECalculator.h; path = ../SherpaMECalculator.h; sourceTree = "<group>"; };
		238522FA1A8A419300CE0D2D /* SherpaWeight.cpp */ = {isa = PBXFileReference; fileEncoding = 4; lastKnownFileType = sourcecode.cpp.cpp; name = SherpaWeight.cpp; path = ../SherpaWeight.cpp; sourceTree = "<group>"; };
		238522FB1A8A419300CE0D2D /* SherpaWeight.h */ = {isa = PBXFileReference; fileEncoding = 4; lastKnownFileType = sourcecode.c.h; name = SherpaWeight.h; path = ../SherpaWeight.h; sourceTree = "<group>"; };
		23E1FC1A1A8A3BF600CA3DFF /* MEProcess.C */ = {isa = PBXFileReference; fileEncoding = 4; lastKnownFileType = sourcecode.cpp.cpp; name = MEProcess.C; path = "../../../../Sherpa/Source/SHERPA-MC-2.1.1/AddOns/Python/MEProcess.C"; sourceTree = "<group>"; };
		23E1FC1B1A8A3BF600CA3DFF /* MEProcess.H */ = {isa = PBXFileReference; fileEncoding = 4; lastKnownFileType = sourcecode.cpp.h; name = MEProcess.H; path = "../../../../Sherpa/Source/SHERPA-MC-2.1.1/AddOns/Python/MEProcess.H"; sourceTree = "<group>"; };
		23E1FC1C1A8A3BF600CA3DFF /* MEProcess.i */ = {isa = PBXFileReference; fileEncoding = 4; lastKnownFileType = sourcecode.c.c.preprocessed; name = MEProcess.i; path = "../../../../Sherpa/Source/SHERPA-MC-2.1.1/AddOns/Python/MEProcess.i"; sourceTree = "<group>"; };
/* End PBXFileReference section */

/* Begin PBXFrameworksBuildPhase section */
		230EC6D01A77A10F00DC49D3 /* Frameworks */ = {
			isa = PBXFrameworksBuildPhase;
			buildActionMask = 2147483647;
			files = (
			);
			runOnlyForDeploymentPostprocessing = 0;
		};
/* End PBXFrameworksBuildPhase section */

/* Begin PBXGroup section */
		230EC6CA1A77A10F00DC49D3 = {
			isa = PBXGroup;
			children = (
				230EC6DF1A77A15A00DC49D3 /* Source */,
				232B886A1A782BF9009534D6 /* Other Files */,
				230EC6D41A77A10F00DC49D3 /* Products */,
			);
			sourceTree = "<group>";
		};
		230EC6D41A77A10F00DC49D3 /* Products */ = {
			isa = PBXGroup;
			children = (
				230EC6D31A77A10F00DC49D3 /* SherpaWeight */,
			);
			name = Products;
			sourceTree = "<group>";
		};
		230EC6DF1A77A15A00DC49D3 /* Source */ = {
			isa = PBXGroup;
			children = (
				230EC6E01A77A16800DC49D3 /* common.h */,
				230EC6E11A77A16800DC49D3 /* main.cpp */,
				230EC6E31A77A16800DC49D3 /* SherpaWeightMain.h */,
				230EC6E21A77A16800DC49D3 /* SherpaWeightMain.cpp */,
				230EC6E61A77BE6600DC49D3 /* SherpaRootEvent.h */,
				230EC6E71A77C23400DC49D3 /* SherpaRootEvent.cpp */,
				238522FB1A8A419300CE0D2D /* SherpaWeight.h */,
				238522FA1A8A419300CE0D2D /* SherpaWeight.cpp */,
				232B88701A78C448009534D6 /* SherpaMECalculator.cpp */,
				232B88711A78C448009534D6 /* SherpaMECalculator.h */,
			);
			name = Source;
			sourceTree = "<group>";
		};
		232B886A1A782BF9009534D6 /* Other Files */ = {
			isa = PBXGroup;
			children = (
				232B886F1A784EBF009534D6 /* test.py.in */,
				232B886E1A784AEB009534D6 /* test.cpp */,
				23E1FC1A1A8A3BF600CA3DFF /* MEProcess.C */,
				23E1FC1B1A8A3BF600CA3DFF /* MEProcess.H */,
				23E1FC1C1A8A3BF600CA3DFF /* MEProcess.i */,
			);
			name = "Other Files";
			sourceTree = "<group>";
		};
/* End PBXGroup section */

/* Begin PBXNativeTarget section */
		230EC6D21A77A10F00DC49D3 /* SherpaWeight */ = {
			isa = PBXNativeTarget;
			buildConfigurationList = 230EC6DC1A77A10F00DC49D3 /* Build configuration list for PBXNativeTarget "SherpaWeight" */;
			buildPhases = (
				230EC6CF1A77A10F00DC49D3 /* Sources */,
				230EC6D01A77A10F00DC49D3 /* Frameworks */,
				230EC6D11A77A10F00DC49D3 /* CopyFiles */,
			);
			buildRules = (
			);
			dependencies = (
			);
			name = SherpaWeight;
			productName = SherpaWeight;
			productReference = 230EC6D31A77A10F00DC49D3 /* SherpaWeight */;
			productType = "com.apple.product-type.tool";
		};
/* End PBXNativeTarget section */

/* Begin PBXProject section */
		230EC6CB1A77A10F00DC49D3 /* Project object */ = {
			isa = PBXProject;
			attributes = {
				LastUpgradeCheck = 0510;
				ORGANIZATIONNAME = chroja;
			};
			buildConfigurationList = 230EC6CE1A77A10F00DC49D3 /* Build configuration list for PBXProject "SherpaWeight" */;
			compatibilityVersion = "Xcode 3.2";
			developmentRegion = English;
			hasScannedForEncodings = 0;
			knownRegions = (
				en,
			);
			mainGroup = 230EC6CA1A77A10F00DC49D3;
			productRefGroup = 230EC6D41A77A10F00DC49D3 /* Products */;
			projectDirPath = "";
			projectRoot = "";
			targets = (
				230EC6D21A77A10F00DC49D3 /* SherpaWeight */,
			);
		};
/* End PBXProject section */

/* Begin PBXSourcesBuildPhase section */
		230EC6CF1A77A10F00DC49D3 /* Sources */ = {
			isa = PBXSourcesBuildPhase;
			buildActionMask = 2147483647;
			files = (
				238522FC1A8A419300CE0D2D /* SherpaWeight.cpp in Sources */,
				230EC6E51A77A16800DC49D3 /* SherpaWeightMain.cpp in Sources */,
				230EC6E41A77A16800DC49D3 /* main.cpp in Sources */,
				232B88721A78C448009534D6 /* SherpaMECalculator.cpp in Sources */,
				230EC6E81A77C23400DC49D3 /* SherpaRootEvent.cpp in Sources */,
			);
			runOnlyForDeploymentPostprocessing = 0;
		};
/* End PBXSourcesBuildPhase section */

/* Begin XCBuildConfiguration section */
		230EC6DA1A77A10F00DC49D3 /* Debug */ = {
			isa = XCBuildConfiguration;
			buildSettings = {
				ALWAYS_SEARCH_USER_PATHS = NO;
				CLANG_CXX_LANGUAGE_STANDARD = "c++0x";
				CLANG_CXX_LIBRARY = "libc++";
				CLANG_ENABLE_MODULES = YES;
				CLANG_ENABLE_OBJC_ARC = YES;
				CLANG_WARN_BOOL_CONVERSION = YES;
				CLANG_WARN_CONSTANT_CONVERSION = YES;
				CLANG_WARN_DIRECT_OBJC_ISA_USAGE = YES_ERROR;
				CLANG_WARN_EMPTY_BODY = YES;
				CLANG_WARN_ENUM_CONVERSION = YES;
				CLANG_WARN_INT_CONVERSION = YES;
				CLANG_WARN_OBJC_ROOT_CLASS = YES_ERROR;
				CLANG_WARN__DUPLICATE_METHOD_MATCH = YES;
				COPY_PHASE_STRIP = NO;
				GCC_C_LANGUAGE_STANDARD = gnu99;
				GCC_DYNAMIC_NO_PIC = NO;
				GCC_ENABLE_OBJC_EXCEPTIONS = YES;
				GCC_OPTIMIZATION_LEVEL = 0;
				GCC_PREPROCESSOR_DEFINITIONS = (
					"DEBUG=1",
					"$(inherited)",
				);
				GCC_SYMBOLS_PRIVATE_EXTERN = NO;
				GCC_WARN_64_TO_32_BIT_CONVERSION = YES;
				GCC_WARN_ABOUT_RETURN_TYPE = YES_ERROR;
				GCC_WARN_UNDECLARED_SELECTOR = YES;
				GCC_WARN_UNINITIALIZED_AUTOS = YES_AGGRESSIVE;
				GCC_WARN_UNUSED_FUNCTION = YES;
				GCC_WARN_UNUSED_VARIABLE = YES;
				HEADER_SEARCH_PATHS = (
					"$(inherited)",
					/Applications/Xcode.app/Contents/Developer/Toolchains/XcodeDefault.xctoolchain/usr/include,
					/usr/local/include/root,
					"/Users/cja/Private/Physics/Thesis/Sherpa/Build/SHERPA-MC-2.1.1/include/SHERPA-MC",
				);
				LIBRARY_SEARCH_PATHS = (
					/usr/local/lib/root,
					"/Users/cja/Private/Physics/Thesis/Sherpa/Build/SHERPA-MC-2.1.1/lib/SHERPA-MC",
				);
				MACOSX_DEPLOYMENT_TARGET = 10.9;
				ONLY_ACTIVE_ARCH = YES;
				OTHER_CPLUSPLUSFLAGS = (
					"$(OTHER_CFLAGS)",
					"-pthread",
					"-stdlib=libc++",
					"-m64",
				);
				OTHER_LDFLAGS = (
					"-lCore",
					"-lCint",
					"-lRIO",
					"-lNet",
					"-lHist",
					"-lGraf",
					"-lGraf3d",
					"-lGpad",
					"-lTree",
					"-lRint",
					"-lPostscript",
					"-lMatrix",
					"-lPhysics",
					"-lMathCore",
					"-lThread",
					"-lSherpaMain",
					"-lToolsOrg",
					"-lToolsPhys",
					"-lPhasicMain",
					"-lPhasicProcess",
				);
				SDKROOT = macosx;
			};
			name = Debug;
		};
		230EC6DB1A77A10F00DC49D3 /* Release */ = {
			isa = XCBuildConfiguration;
			buildSettings = {
				ALWAYS_SEARCH_USER_PATHS = NO;
				CLANG_CXX_LANGUAGE_STANDARD = "c++0x";
				CLANG_CXX_LIBRARY = "libc++";
				CLANG_ENABLE_MODULES = YES;
				CLANG_ENABLE_OBJC_ARC = YES;
				CLANG_WARN_BOOL_CONVERSION = YES;
				CLANG_WARN_CONSTANT_CONVERSION = YES;
				CLANG_WARN_DIRECT_OBJC_ISA_USAGE = YES_ERROR;
				CLANG_WARN_EMPTY_BODY = YES;
				CLANG_WARN_ENUM_CONVERSION = YES;
				CLANG_WARN_INT_CONVERSION = YES;
				CLANG_WARN_OBJC_ROOT_CLASS = YES_ERROR;
				CLANG_WARN__DUPLICATE_METHOD_MATCH = YES;
				COPY_PHASE_STRIP = YES;
				DEBUG_INFORMATION_FORMAT = "dwarf-with-dsym";
				ENABLE_NS_ASSERTIONS = NO;
				GCC_C_LANGUAGE_STANDARD = gnu99;
				GCC_ENABLE_OBJC_EXCEPTIONS = YES;
				GCC_WARN_64_TO_32_BIT_CONVERSION = YES;
				GCC_WARN_ABOUT_RETURN_TYPE = YES_ERROR;
				GCC_WARN_UNDECLARED_SELECTOR = YES;
				GCC_WARN_UNINITIALIZED_AUTOS = YES_AGGRESSIVE;
				GCC_WARN_UNUSED_FUNCTION = YES;
				GCC_WARN_UNUSED_VARIABLE = YES;
				HEADER_SEARCH_PATHS = (
					"$(inherited)",
					/Applications/Xcode.app/Contents/Developer/Toolchains/XcodeDefault.xctoolchain/usr/include,
					/usr/local/include/root,
					"/Users/cja/Private/Physics/Thesis/Sherpa/Build/SHERPA-MC-2.1.1/include/SHERPA-MC",
				);
				LIBRARY_SEARCH_PATHS = (
					/usr/local/lib/root,
					"/Users/cja/Private/Physics/Thesis/Sherpa/Build/SHERPA-MC-2.1.1/lib/SHERPA-MC",
				);
				MACOSX_DEPLOYMENT_TARGET = 10.9;
				OTHER_CPLUSPLUSFLAGS = (
					"$(OTHER_CFLAGS)",
					"-pthread",
					"-stdlib=libc++",
					"-m64",
				);
				OTHER_LDFLAGS = (
					"-lCore",
					"-lCint",
					"-lRIO",
					"-lNet",
					"-lHist",
					"-lGraf",
					"-lGraf3d",
					"-lGpad",
					"-lTree",
					"-lRint",
					"-lPostscript",
					"-lMatrix",
					"-lPhysics",
					"-lMathCore",
					"-lThread",
					"-lSherpaMain",
					"-lToolsOrg",
					"-lToolsPhys",
					"-lPhasicMain",
					"-lPhasicProcess",
				);
				SDKROOT = macosx;
			};
			name = Release;
		};
		230EC6DD1A77A10F00DC49D3 /* Debug */ = {
			isa = XCBuildConfiguration;
			buildSettings = {
				PRODUCT_NAME = SherpaWeight;
			};
			name = Debug;
		};
		230EC6DE1A77A10F00DC49D3 /* Release */ = {
			isa = XCBuildConfiguration;
			buildSettings = {
				PRODUCT_NAME = SherpaWeight;
			};
			name = Release;
		};
/* End XCBuildConfiguration section */

/* Begin XCConfigurationList section */
		230EC6CE1A77A10F00DC49D3 /* Build configuration list for PBXProject "SherpaWeight" */ = {
			isa = XCConfigurationList;
			buildConfigurations = (
				230EC6DA1A77A10F00DC49D3 /* Debug */,
				230EC6DB1A77A10F00DC49D3 /* Release */,
			);
			defaultConfigurationIsVisible = 0;
			defaultConfigurationName = Release;
		};
		230EC6DC1A77A10F00DC49D3 /* Build configuration list for PBXNativeTarget "SherpaWeight" */ = {
			isa = XCConfigurationList;
			buildConfigurations = (
				230EC6DD1A77A10F00DC49D3 /* Debug */,
				230EC6DE1A77A10F00DC49D3 /* Release */,
			);
			defaultConfigurationIsVisible = 0;
			defaultConfigurationName = Release;
		};
/* End XCConfigurationList section */
	};
	rootObject = 230EC6CB1A77A10F00DC49D3 /* Project object */;
}
